<?xml version="1.0" encoding="utf-8"?>
<Project ToolsVersion="4.0" xmlns="http://schemas.microsoft.com/developer/msbuild/2003">
  <ItemGroup>
    <Filter Include="Source Files">
      <UniqueIdentifier>{4FC737F1-C7A5-4376-A066-2A32D752A2FF}</UniqueIdentifier>
      <Extensions>cpp;c;cc;cxx;c++;cppm;ixx;def;odl;idl;hpj;bat;asm;asmx</Extensions>
    </Filter>
    <Filter Include="Header Files">
      <UniqueIdentifier>{93995380-89BD-4b04-88EB-625FBE52EBFB}</UniqueIdentifier>
      <Extensions>h;hh;hpp;hxx;h++;hm;inl;inc;ipp;xsd</Extensions>
    </Filter>
    <Filter Include="Resource Files">
      <UniqueIdentifier>{67DA6AB6-F800-4c08-8B7A-83BB121AAD01}</UniqueIdentifier>
      <Extensions>rc;ico;cur;bmp;dlg;rc2;rct;bin;rgs;gif;jpg;jpeg;jpe;resx;tiff;tif;png;wav;mfcribbon-ms</Extensions>
    </Filter>
    <Filter Include="Header Files\actions">
      <UniqueIdentifier>{0c573cb3-7d25-4388-b7d7-8cc71dfa8b3a}</UniqueIdentifier>
    </Filter>
    <Filter Include="Header Files\tools">
      <UniqueIdentifier>{56b0906e-8f1d-4a60-8f8e-4eb222fb8602}</UniqueIdentifier>
    </Filter>
    <Filter Include="Source Files\actions">
      <UniqueIdentifier>{cc0125d4-f05f-4095-9949-2941eb381eaa}</UniqueIdentifier>
    </Filter>
    <Filter Include="Source Files\tools">
      <UniqueIdentifier>{4becce25-3db3-4d03-893d-f6578f725ff6}</UniqueIdentifier>
    </Filter>
  </ItemGroup>
  <ItemGroup>
    <ClInclude Include="resource.h">
      <Filter>Header Files</Filter>
    </ClInclude>
    <ClInclude Include="..\src\include\totp.h">
      <Filter>Header Files</Filter>
    </ClInclude>
    <ClInclude Include="..\src\include\tools\base32decode.h">
      <Filter>Header Files\tools</Filter>
    </ClInclude>
    <ClInclude Include="..\src\include\tools\crypto.h">
      <Filter>Header Files\tools</Filter>
    </ClInclude>
    <ClInclude Include="..\src\include\tools\file_io.h">
      <Filter>Header Files\tools</Filter>
    </ClInclude>
    <ClInclude Include="..\src\include\tools\generateiv.h">
      <Filter>Header Files\tools</Filter>
    </ClInclude>
    <ClInclude Include="..\src\include\tools\string.h">
      <Filter>Header Files\tools</Filter>
    </ClInclude>
    <ClInclude Include="..\src\include\tools\vectortostring.h">
      <Filter>Header Files\tools</Filter>
    </ClInclude>
    <ClInclude Include="..\src\include\actions\add.h">
      <Filter>Header Files\actions</Filter>
    </ClInclude>
    <ClInclude Include="..\src\include\actions\generatetotp.h">
      <Filter>Header Files\actions</Filter>
    </ClInclude>
  </ItemGroup>
  <ItemGroup>
    <ResourceCompile Include="Authenticator.rc">
      <Filter>Resource Files</Filter>
    </ResourceCompile>
  </ItemGroup>
  <ItemGroup>
    <Image Include="..\resources\Authenticator.ico">
      <Filter>Resource Files</Filter>
    </Image>
  </ItemGroup>
  <ItemGroup>
    <ClCompile Include="..\src\Authenticator.cpp">
      <Filter>Source Files</Filter>
    </ClCompile>
    <ClCompile Include="..\src\actions\add.cpp">
      <Filter>Source Files\actions</Filter>
    </ClCompile>
    <ClCompile Include="..\src\actions\generatetotp.cpp">
      <Filter>Source Files\actions</Filter>
    </ClCompile>
    <ClCompile Include="..\src\tools\base32decode.cpp">
      <Filter>Source Files\tools</Filter>
    </ClCompile>
    <ClCompile Include="..\src\tools\crypto.cpp">
      <Filter>Source Files\tools</Filter>
    </ClCompile>
    <ClCompile Include="..\src\tools\file_io.cpp">
      <Filter>Source Files\tools</Filter>
    </ClCompile>
    <ClCompile Include="..\src\tools\generateiv.cpp">
      <Filter>Source Files\tools</Filter>
    </ClCompile>
    <ClCompile Include="..\src\tools\string.cpp">
      <Filter>Source Files\tools</Filter>
    </ClCompile>
    <ClCompile Include="..\src\tools\vectortostring.cpp">
      <Filter>Source Files\tools</Filter>
    </ClCompile>
  </ItemGroup>
</Project>